{
  "name": "ajs-clone",
  "version": "1.0.0",
  "lockfileVersion": 1,
  "requires": true,
  "dependencies": {
    "@igorekimow/ajs": {
      "version": "1.0.0",
      "resolved": "https://npm.pkg.github.com/download/@igorekimow/ajs/1.0.0/21dfdf480184f3187e14a5c17d538e2bb6c93f1d6ab0aea7d149d4bd97a013b2",
      "integrity": "sha512-Y8+kxcnzeNamsWFS6aL2OXq6LQPo18OX/ojo1tNq/IQZt4NyGT/DyAp36iDmr72Vc8AnY56EOQYLXLPGvAoioA=="
    }
  }
}
